
Microsoft Visual Studio Solution File, Format Version 12.00
# Visual Studio Version 16
VisualStudioVersion = 16.0.30204.135
MinimumVisualStudioVersion = 10.0.40219.1
Project("{FAE04EC0-301F-11D3-BF4B-00C04F79EFBC}") = "DVSaveSync", "DVSaveSync\DVSaveSync.csproj", "{1153EFBA-D57A-4C2B-A0A0-80F08931FB0A}"
EndProject
Project("{FAE04EC0-301F-11D3-BF4B-00C04F79EFBC}") = "DVSaveSync.Engine", "DVSaveSync.Engine\DVSaveSync.Engine.csproj", "{C89E9131-1B10-40C7-800F-2D3D011C5D42}"
EndProject
Global
	GlobalSection(SolutionConfigurationPlatforms) = preSolution
		Debug|Any CPU = Debug|Any CPU
		Release|Any CPU = Release|Any CPU
	EndGlobalSection
	GlobalSection(ProjectConfigurationPlatforms) = postSolution
		{1153EFBA-D57A-4C2B-A0A0-80F08931FB0A}.Debug|Any CPU.ActiveCfg = Debug|Any CPU
		{1153EFBA-D57A-4C2B-A0A0-80F08931FB0A}.Debug|Any CPU.Build.0 = Debug|Any CPU
		{1153EFBA-D57A-4C2B-A0A0-80F08931FB0A}.Release|Any CPU.ActiveCfg = Release|Any CPU
		{1153EFBA-D57A-4C2B-A0A0-80F08931FB0A}.Release|Any CPU.Build.0 = Release|Any CPU
		{C89E9131-1B10-40C7-800F-2D3D011C5D42}.Debug|Any CPU.ActiveCfg = Debug|Any CPU
		{C89E9131-1B10-40C7-800F-2D3D011C5D42}.Debug|Any CPU.Build.0 = Debug|Any CPU
		{C89E9131-1B10-40C7-800F-2D3D011C5D42}.Release|Any CPU.ActiveCfg = Release|Any CPU
		{C89E9131-1B10-40C7-800F-2D3D011C5D42}.Release|Any CPU.Build.0 = Release|Any CPU
	EndGlobalSection
	GlobalSection(SolutionProperties) = preSolution
		HideSolutionNode = FALSE
	EndGlobalSection
	GlobalSection(ExtensibilityGlobals) = postSolution
		SolutionGuid = {AE1E8FD3-3BDE-476F-9A95-D3CC707628F6}
	EndGlobalSection
EndGlobal
